
Microsoft Visual Studio Solution File, Format Version 12.00
# Visual Studio Version 17
VisualStudioVersion = 17.0.31903.59
MinimumVisualStudioVersion = 10.0.40219.1
Project("{2150E333-8FDC-42A3-9474-1A3956D46DE8}") = "Module", "Module", "{03F5537D-C476-49BE-B694-62680CEF8949}"
EndProject
Project("{2150E333-8FDC-42A3-9474-1A3956D46DE8}") = "Module1", "Module1", "{F330E988-ABFF-4228-A872-E53D336BF125}"
EndProject
Project("{2150E333-8FDC-42A3-9474-1A3956D46DE8}") = "Unit1", "Unit1", "{E2F7266B-F9E0-4E76-962B-EAC17D109FC5}"
EndProject
Project("{2150E333-8FDC-42A3-9474-1A3956D46DE8}") = "Module3", "Module3", "{A92F1580-4B57-E8CB-0D3A-4E7B424A47F2}"
EndProject
Project("{2150E333-8FDC-42A3-9474-1A3956D46DE8}") = "Unit1", "Unit1", "{A88BDCF5-8827-6634-0A74-9DA27B36167D}"
EndProject
Project("{2150E333-8FDC-42A3-9474-1A3956D46DE8}") = "Unit2", "Unit2", "{78A6FA62-A837-9648-DB42-46165DFFF2A7}"
EndProject
Project("{FAE04EC0-301F-11D3-BF4B-00C04F79EFBC}") = "Module1.Unit1.Task1", "Module\Module1\Unit1\Module1.Unit1.Task1\Module1.Unit1.Task1.csproj", "{1061E611-B8A4-4350-BCA3-10152A18BE92}"
EndProject
Project("{2150E333-8FDC-42A3-9474-1A3956D46DE8}") = "Module9", "Module9", "{02BA3C8C-4406-E101-20B0-24AB40E2A645}"
EndProject
Project("{2150E333-8FDC-42A3-9474-1A3956D46DE8}") = "Unit1", "Unit1", "{96929D88-F481-FF10-0021-C1A6CC4E25D8}"
EndProject
Project("{FAE04EC0-301F-11D3-BF4B-00C04F79EFBC}") = "Module9.Unit1.Task1", "Module\Module9\Unit1\Module9.Unit1.Task1\Module9.Unit1.Task1.csproj", "{AF9F9709-77A9-4F9D-A566-7264E9FF1D0C}"
EndProject
Project("{2150E333-8FDC-42A3-9474-1A3956D46DE8}") = "Unit6", "Unit6", "{8270B4F0-7678-9C82-E6E7-79CC432B7635}"
EndProject
Project("{FAE04EC0-301F-11D3-BF4B-00C04F79EFBC}") = "Module9.Unit6.FinalTask1", "Module\Module9\Unit6\Module9.Unit6.FinalTask1\Module9.Unit6.FinalTask1.csproj", "{851EAC7D-6694-40C9-971A-BA21B3B620AB}"
EndProject
Project("{FAE04EC0-301F-11D3-BF4B-00C04F79EFBC}") = "Module9.Unit6.FinalTask2", "Module\Module9\Unit6\Module9.Unit6.FinalTask2\Module9.Unit6.FinalTask2.csproj", "{490296B7-BD68-4936-A463-B7D2C414A0AF}"
EndProject
Project("{2150E333-8FDC-42A3-9474-1A3956D46DE8}") = "Module10", "Module10", "{81F09C23-4D64-63D2-33A6-0B9561120B5D}"
EndProject
Project("{2150E333-8FDC-42A3-9474-1A3956D46DE8}") = "Unit1", "Unit1", "{29F3C59A-8EEC-B355-661F-0AC65358E7D7}"
EndProject
Project("{FAE04EC0-301F-11D3-BF4B-00C04F79EFBC}") = "Module10.Unit1.Task1", "Module\Module10\Unit1\Module10.Unit1.Task1\Module10.Unit1.Task1.csproj", "{DA914623-B990-48B3-B129-C3CF5F685171}"
EndProject
Project("{FAE04EC0-301F-11D3-BF4B-00C04F79EFBC}") = "Module10.Unit1.Task4", "Module\Module10\Unit1\Module10.Unit1.Task4\Module10.Unit1.Task4.csproj", "{0354656E-B0BA-443E-A0D7-53DF603080C8}"
EndProject
Global
	GlobalSection(SolutionConfigurationPlatforms) = preSolution
		Debug|Any CPU = Debug|Any CPU
		Debug|x64 = Debug|x64
		Debug|x86 = Debug|x86
		Release|Any CPU = Release|Any CPU
		Release|x64 = Release|x64
		Release|x86 = Release|x86
	EndGlobalSection
	GlobalSection(ProjectConfigurationPlatforms) = postSolution
		{1061E611-B8A4-4350-BCA3-10152A18BE92}.Debug|Any CPU.ActiveCfg = Debug|Any CPU
		{1061E611-B8A4-4350-BCA3-10152A18BE92}.Debug|Any CPU.Build.0 = Debug|Any CPU
		{1061E611-B8A4-4350-BCA3-10152A18BE92}.Debug|x64.ActiveCfg = Debug|Any CPU
		{1061E611-B8A4-4350-BCA3-10152A18BE92}.Debug|x64.Build.0 = Debug|Any CPU
		{1061E611-B8A4-4350-BCA3-10152A18BE92}.Debug|x86.ActiveCfg = Debug|Any CPU
		{1061E611-B8A4-4350-BCA3-10152A18BE92}.Debug|x86.Build.0 = Debug|Any CPU
		{1061E611-B8A4-4350-BCA3-10152A18BE92}.Release|Any CPU.ActiveCfg = Release|Any CPU
		{1061E611-B8A4-4350-BCA3-10152A18BE92}.Release|Any CPU.Build.0 = Release|Any CPU
		{1061E611-B8A4-4350-BCA3-10152A18BE92}.Release|x64.ActiveCfg = Release|Any CPU
		{1061E611-B8A4-4350-BCA3-10152A18BE92}.Release|x64.Build.0 = Release|Any CPU
		{1061E611-B8A4-4350-BCA3-10152A18BE92}.Release|x86.ActiveCfg = Release|Any CPU
		{1061E611-B8A4-4350-BCA3-10152A18BE92}.Release|x86.Build.0 = Release|Any CPU
		{AF9F9709-77A9-4F9D-A566-7264E9FF1D0C}.Debug|Any CPU.ActiveCfg = Debug|Any CPU
		{AF9F9709-77A9-4F9D-A566-7264E9FF1D0C}.Debug|Any CPU.Build.0 = Debug|Any CPU
		{AF9F9709-77A9-4F9D-A566-7264E9FF1D0C}.Debug|x64.ActiveCfg = Debug|Any CPU
		{AF9F9709-77A9-4F9D-A566-7264E9FF1D0C}.Debug|x64.Build.0 = Debug|Any CPU
		{AF9F9709-77A9-4F9D-A566-7264E9FF1D0C}.Debug|x86.ActiveCfg = Debug|Any CPU
		{AF9F9709-77A9-4F9D-A566-7264E9FF1D0C}.Debug|x86.Build.0 = Debug|Any CPU
		{AF9F9709-77A9-4F9D-A566-7264E9FF1D0C}.Release|Any CPU.ActiveCfg = Release|Any CPU
		{AF9F9709-77A9-4F9D-A566-7264E9FF1D0C}.Release|Any CPU.Build.0 = Release|Any CPU
		{AF9F9709-77A9-4F9D-A566-7264E9FF1D0C}.Release|x64.ActiveCfg = Release|Any CPU
		{AF9F9709-77A9-4F9D-A566-7264E9FF1D0C}.Release|x64.Build.0 = Release|Any CPU
		{AF9F9709-77A9-4F9D-A566-7264E9FF1D0C}.Release|x86.ActiveCfg = Release|Any CPU
		{AF9F9709-77A9-4F9D-A566-7264E9FF1D0C}.Release|x86.Build.0 = Release|Any CPU
		{851EAC7D-6694-40C9-971A-BA21B3B620AB}.Debug|Any CPU.ActiveCfg = Debug|Any CPU
		{851EAC7D-6694-40C9-971A-BA21B3B620AB}.Debug|Any CPU.Build.0 = Debug|Any CPU
		{851EAC7D-6694-40C9-971A-BA21B3B620AB}.Debug|x64.ActiveCfg = Debug|Any CPU
		{851EAC7D-6694-40C9-971A-BA21B3B620AB}.Debug|x64.Build.0 = Debug|Any CPU
		{851EAC7D-6694-40C9-971A-BA21B3B620AB}.Debug|x86.ActiveCfg = Debug|Any CPU
		{851EAC7D-6694-40C9-971A-BA21B3B620AB}.Debug|x86.Build.0 = Debug|Any CPU
		{851EAC7D-6694-40C9-971A-BA21B3B620AB}.Release|Any CPU.ActiveCfg = Release|Any CPU
		{851EAC7D-6694-40C9-971A-BA21B3B620AB}.Release|Any CPU.Build.0 = Release|Any CPU
		{851EAC7D-6694-40C9-971A-BA21B3B620AB}.Release|x64.ActiveCfg = Release|Any CPU
		{851EAC7D-6694-40C9-971A-BA21B3B620AB}.Release|x64.Build.0 = Release|Any CPU
		{851EAC7D-6694-40C9-971A-BA21B3B620AB}.Release|x86.ActiveCfg = Release|Any CPU
		{851EAC7D-6694-40C9-971A-BA21B3B620AB}.Release|x86.Build.0 = Release|Any CPU
		{490296B7-BD68-4936-A463-B7D2C414A0AF}.Debug|Any CPU.ActiveCfg = Debug|Any CPU
		{490296B7-BD68-4936-A463-B7D2C414A0AF}.Debug|Any CPU.Build.0 = Debug|Any CPU
		{490296B7-BD68-4936-A463-B7D2C414A0AF}.Debug|x64.ActiveCfg = Debug|Any CPU
		{490296B7-BD68-4936-A463-B7D2C414A0AF}.Debug|x64.Build.0 = Debug|Any CPU
		{490296B7-BD68-4936-A463-B7D2C414A0AF}.Debug|x86.ActiveCfg = Debug|Any CPU
		{490296B7-BD68-4936-A463-B7D2C414A0AF}.Debug|x86.Build.0 = Debug|Any CPU
		{490296B7-BD68-4936-A463-B7D2C414A0AF}.Release|Any CPU.ActiveCfg = Release|Any CPU
		{490296B7-BD68-4936-A463-B7D2C414A0AF}.Release|Any CPU.Build.0 = Release|Any CPU
		{490296B7-BD68-4936-A463-B7D2C414A0AF}.Release|x64.ActiveCfg = Release|Any CPU
		{490296B7-BD68-4936-A463-B7D2C414A0AF}.Release|x64.Build.0 = Release|Any CPU
		{490296B7-BD68-4936-A463-B7D2C414A0AF}.Release|x86.ActiveCfg = Release|Any CPU
		{490296B7-BD68-4936-A463-B7D2C414A0AF}.Release|x86.Build.0 = Release|Any CPU
		{DA914623-B990-48B3-B129-C3CF5F685171}.Debug|Any CPU.ActiveCfg = Debug|Any CPU
		{DA914623-B990-48B3-B129-C3CF5F685171}.Debug|Any CPU.Build.0 = Debug|Any CPU
		{DA914623-B990-48B3-B129-C3CF5F685171}.Debug|x64.ActiveCfg = Debug|Any CPU
		{DA914623-B990-48B3-B129-C3CF5F685171}.Debug|x64.Build.0 = Debug|Any CPU
		{DA914623-B990-48B3-B129-C3CF5F685171}.Debug|x86.ActiveCfg = Debug|Any CPU
		{DA914623-B990-48B3-B129-C3CF5F685171}.Debug|x86.Build.0 = Debug|Any CPU
		{DA914623-B990-48B3-B129-C3CF5F685171}.Release|Any CPU.ActiveCfg = Release|Any CPU
		{DA914623-B990-48B3-B129-C3CF5F685171}.Release|Any CPU.Build.0 = Release|Any CPU
		{DA914623-B990-48B3-B129-C3CF5F685171}.Release|x64.ActiveCfg = Release|Any CPU
		{DA914623-B990-48B3-B129-C3CF5F685171}.Release|x64.Build.0 = Release|Any CPU
		{DA914623-B990-48B3-B129-C3CF5F685171}.Release|x86.ActiveCfg = Release|Any CPU
		{DA914623-B990-48B3-B129-C3CF5F685171}.Release|x86.Build.0 = Release|Any CPU
		{0354656E-B0BA-443E-A0D7-53DF603080C8}.Debug|Any CPU.ActiveCfg = Debug|Any CPU
		{0354656E-B0BA-443E-A0D7-53DF603080C8}.Debug|Any CPU.Build.0 = Debug|Any CPU
		{0354656E-B0BA-443E-A0D7-53DF603080C8}.Debug|x64.ActiveCfg = Debug|Any CPU
		{0354656E-B0BA-443E-A0D7-53DF603080C8}.Debug|x64.Build.0 = Debug|Any CPU
		{0354656E-B0BA-443E-A0D7-53DF603080C8}.Debug|x86.ActiveCfg = Debug|Any CPU
		{0354656E-B0BA-443E-A0D7-53DF603080C8}.Debug|x86.Build.0 = Debug|Any CPU
		{0354656E-B0BA-443E-A0D7-53DF603080C8}.Release|Any CPU.ActiveCfg = Release|Any CPU
		{0354656E-B0BA-443E-A0D7-53DF603080C8}.Release|Any CPU.Build.0 = Release|Any CPU
		{0354656E-B0BA-443E-A0D7-53DF603080C8}.Release|x64.ActiveCfg = Release|Any CPU
		{0354656E-B0BA-443E-A0D7-53DF603080C8}.Release|x64.Build.0 = Release|Any CPU
		{0354656E-B0BA-443E-A0D7-53DF603080C8}.Release|x86.ActiveCfg = Release|Any CPU
		{0354656E-B0BA-443E-A0D7-53DF603080C8}.Release|x86.Build.0 = Release|Any CPU
	EndGlobalSection
	GlobalSection(SolutionProperties) = preSolution
		HideSolutionNode = FALSE
	EndGlobalSection
	GlobalSection(NestedProjects) = preSolution
		{F330E988-ABFF-4228-A872-E53D336BF125} = {03F5537D-C476-49BE-B694-62680CEF8949}
		{E2F7266B-F9E0-4E76-962B-EAC17D109FC5} = {F330E988-ABFF-4228-A872-E53D336BF125}
		{A92F1580-4B57-E8CB-0D3A-4E7B424A47F2} = {03F5537D-C476-49BE-B694-62680CEF8949}
		{A88BDCF5-8827-6634-0A74-9DA27B36167D} = {A92F1580-4B57-E8CB-0D3A-4E7B424A47F2}
		{78A6FA62-A837-9648-DB42-46165DFFF2A7} = {F330E988-ABFF-4228-A872-E53D336BF125}
		{1061E611-B8A4-4350-BCA3-10152A18BE92} = {E2F7266B-F9E0-4E76-962B-EAC17D109FC5}
		{02BA3C8C-4406-E101-20B0-24AB40E2A645} = {03F5537D-C476-49BE-B694-62680CEF8949}
		{96929D88-F481-FF10-0021-C1A6CC4E25D8} = {02BA3C8C-4406-E101-20B0-24AB40E2A645}
		{AF9F9709-77A9-4F9D-A566-7264E9FF1D0C} = {96929D88-F481-FF10-0021-C1A6CC4E25D8}
		{8270B4F0-7678-9C82-E6E7-79CC432B7635} = {02BA3C8C-4406-E101-20B0-24AB40E2A645}
		{851EAC7D-6694-40C9-971A-BA21B3B620AB} = {8270B4F0-7678-9C82-E6E7-79CC432B7635}
		{490296B7-BD68-4936-A463-B7D2C414A0AF} = {8270B4F0-7678-9C82-E6E7-79CC432B7635}
		{81F09C23-4D64-63D2-33A6-0B9561120B5D} = {03F5537D-C476-49BE-B694-62680CEF8949}
		{29F3C59A-8EEC-B355-661F-0AC65358E7D7} = {81F09C23-4D64-63D2-33A6-0B9561120B5D}
		{DA914623-B990-48B3-B129-C3CF5F685171} = {29F3C59A-8EEC-B355-661F-0AC65358E7D7}
		{0354656E-B0BA-443E-A0D7-53DF603080C8} = {29F3C59A-8EEC-B355-661F-0AC65358E7D7}
	EndGlobalSection
EndGlobal
